
Microsoft Visual Studio Solution File, Format Version 12.00
# Visual Studio Version 16
VisualStudioVersion = 16.0.31515.178
MinimumVisualStudioVersion = 10.0.40219.1
Project("{2150E333-8FDC-42A3-9474-1A3956D46DE8}") = "G1000", "G1000", "{5921A521-5198-480F-B4EF-BAF89CB2129C}"
EndProject
Project("{2150E333-8FDC-42A3-9474-1A3956D46DE8}") = "G1000NXi", "G1000NXi", "{C1C1297B-1654-43AE-AA74-8A953458EF4A}"
EndProject
Project("{2150E333-8FDC-42A3-9474-1A3956D46DE8}") = "G2000", "G2000", "{20D29A5A-EAF5-426F-A035-1B88D9E6E023}"
EndProject
Project("{2150E333-8FDC-42A3-9474-1A3956D46DE8}") = "G3000", "G3000", "{D915869E-8258-4811-8BF6-D33EE4362D10}"
EndProject
Project("{FAE04EC0-301F-11D3-BF4B-00C04F79EFBC}") = "MFD", "G1000\MFD\MFD.csproj", "{FF8A8D34-0AD5-4ACA-8002-4D5A0FA8F25E}"
EndProject
Project("{FAE04EC0-301F-11D3-BF4B-00C04F79EFBC}") = "PFD", "G1000\PFD\PFD.csproj", "{1E41A566-2E9F-41BD-A0EB-9B1B32112EB0}"
EndProject
Project("{FAE04EC0-301F-11D3-BF4B-00C04F79EFBC}") = "MFD", "G1000NXi\MFD\MFD.csproj", "{EB6B0D35-C0C6-4579-8F3E-E4A09F8CA120}"
EndProject
Project("{FAE04EC0-301F-11D3-BF4B-00C04F79EFBC}") = "PFD", "G1000NXi\PFD\PFD.csproj", "{83FFBF79-7393-4329-A78F-8CBC8519088A}"
EndProject
Global
	GlobalSection(SolutionConfigurationPlatforms) = preSolution
		Debug|Any CPU = Debug|Any CPU
		Release|Any CPU = Release|Any CPU
	EndGlobalSection
	GlobalSection(ProjectConfigurationPlatforms) = postSolution
		{FF8A8D34-0AD5-4ACA-8002-4D5A0FA8F25E}.Debug|Any CPU.ActiveCfg = Debug|Any CPU
		{FF8A8D34-0AD5-4ACA-8002-4D5A0FA8F25E}.Debug|Any CPU.Build.0 = Debug|Any CPU
		{FF8A8D34-0AD5-4ACA-8002-4D5A0FA8F25E}.Release|Any CPU.ActiveCfg = Release|Any CPU
		{FF8A8D34-0AD5-4ACA-8002-4D5A0FA8F25E}.Release|Any CPU.Build.0 = Release|Any CPU
		{1E41A566-2E9F-41BD-A0EB-9B1B32112EB0}.Debug|Any CPU.ActiveCfg = Debug|Any CPU
		{1E41A566-2E9F-41BD-A0EB-9B1B32112EB0}.Debug|Any CPU.Build.0 = Debug|Any CPU
		{1E41A566-2E9F-41BD-A0EB-9B1B32112EB0}.Release|Any CPU.ActiveCfg = Release|Any CPU
		{1E41A566-2E9F-41BD-A0EB-9B1B32112EB0}.Release|Any CPU.Build.0 = Release|Any CPU
		{EB6B0D35-C0C6-4579-8F3E-E4A09F8CA120}.Debug|Any CPU.ActiveCfg = Debug|Any CPU
		{EB6B0D35-C0C6-4579-8F3E-E4A09F8CA120}.Debug|Any CPU.Build.0 = Debug|Any CPU
		{EB6B0D35-C0C6-4579-8F3E-E4A09F8CA120}.Release|Any CPU.ActiveCfg = Release|Any CPU
		{EB6B0D35-C0C6-4579-8F3E-E4A09F8CA120}.Release|Any CPU.Build.0 = Release|Any CPU
		{83FFBF79-7393-4329-A78F-8CBC8519088A}.Debug|Any CPU.ActiveCfg = Debug|Any CPU
		{83FFBF79-7393-4329-A78F-8CBC8519088A}.Debug|Any CPU.Build.0 = Debug|Any CPU
		{83FFBF79-7393-4329-A78F-8CBC8519088A}.Release|Any CPU.ActiveCfg = Release|Any CPU
		{83FFBF79-7393-4329-A78F-8CBC8519088A}.Release|Any CPU.Build.0 = Release|Any CPU
	EndGlobalSection
	GlobalSection(SolutionProperties) = preSolution
		HideSolutionNode = FALSE
	EndGlobalSection
	GlobalSection(NestedProjects) = preSolution
		{FF8A8D34-0AD5-4ACA-8002-4D5A0FA8F25E} = {5921A521-5198-480F-B4EF-BAF89CB2129C}
		{1E41A566-2E9F-41BD-A0EB-9B1B32112EB0} = {5921A521-5198-480F-B4EF-BAF89CB2129C}
		{EB6B0D35-C0C6-4579-8F3E-E4A09F8CA120} = {C1C1297B-1654-43AE-AA74-8A953458EF4A}
		{83FFBF79-7393-4329-A78F-8CBC8519088A} = {C1C1297B-1654-43AE-AA74-8A953458EF4A}
	EndGlobalSection
	GlobalSection(ExtensibilityGlobals) = postSolution
		SolutionGuid = {B55B4ED5-4F1D-48F6-83BD-8D5CDC0E3A9B}
	EndGlobalSection
EndGlobal
